# THIS IS AN AUTOGENERATED FILE. DO NOT EDIT THIS FILE DIRECTLY.
# yarn lockfile v1


"@discordjs/builders@^1.7.0":
  version "1.7.0"
  resolved "https://registry.npmjs.org/@discordjs/builders/-/builders-1.7.0.tgz"
  integrity sha512-GDtbKMkg433cOZur8Dv6c25EHxduNIBsxeHrsRoIM8+AwmEZ8r0tEpckx/sHwTLwQPOF3e2JWloZh9ofCaMfAw==
  dependencies:
    "@discordjs/formatters" "^0.3.3"
    "@discordjs/util" "^1.0.2"
    "@sapphire/shapeshift" "^3.9.3"
    discord-api-types "0.37.61"
    fast-deep-equal "^3.1.3"
    ts-mixer "^6.0.3"
    tslib "^2.6.2"

"@discordjs/collection@^2.0.0":
  version "2.0.0"
  resolved "https://registry.npmjs.org/@discordjs/collection/-/collection-2.0.0.tgz"
  integrity sha512-YTWIXLrf5FsrLMycpMM9Q6vnZoR/lN2AWX23/Cuo8uOOtS8eHB2dyQaaGnaF8aZPYnttf2bkLMcXn/j6JUOi3w==

"@discordjs/collection@1.5.3":
  version "1.5.3"
  resolved "https://registry.npmjs.org/@discordjs/collection/-/collection-1.5.3.tgz"
  integrity sha512-SVb428OMd3WO1paV3rm6tSjM4wC+Kecaa1EUGX7vc6/fddvw/6lg90z4QtCqm21zvVe92vMMDt9+DkIvjXImQQ==

"@discordjs/formatters@^0.3.3":
  version "0.3.3"
  resolved "https://registry.npmjs.org/@discordjs/formatters/-/formatters-0.3.3.tgz"
  integrity sha512-wTcI1Q5cps1eSGhl6+6AzzZkBBlVrBdc9IUhJbijRgVjCNIIIZPgqnUj3ntFODsHrdbGU8BEG9XmDQmgEEYn3w==
  dependencies:
    discord-api-types "0.37.61"

"@discordjs/rest@^2.1.0":
  version "2.1.0"
  resolved "https://registry.npmjs.org/@discordjs/rest/-/rest-2.1.0.tgz"
  integrity sha512-5gFWFkZX2JCFSRzs8ltx8bWmyVi0wPMk6pBa9KGIQSDPMmrP+uOrZ9j9HOwvmVWGe+LmZ5Bov0jMnQd6/jVReg==
  dependencies:
    "@discordjs/collection" "^2.0.0"
    "@discordjs/util" "^1.0.2"
    "@sapphire/async-queue" "^1.5.0"
    "@sapphire/snowflake" "^3.5.1"
    "@vladfrangu/async_event_emitter" "^2.2.2"
    discord-api-types "0.37.61"
    magic-bytes.js "^1.5.0"
    tslib "^2.6.2"
    undici "5.27.2"

"@discordjs/util@^1.0.2":
  version "1.0.2"
  resolved "https://registry.npmjs.org/@discordjs/util/-/util-1.0.2.tgz"
  integrity sha512-IRNbimrmfb75GMNEjyznqM1tkI7HrZOf14njX7tCAAUetyZM1Pr8hX/EK2lxBCOgWDRmigbp24fD1hdMfQK5lw==

"@discordjs/ws@^1.0.2":
  version "1.0.2"
  resolved "https://registry.npmjs.org/@discordjs/ws/-/ws-1.0.2.tgz"
  integrity sha512-+XI82Rm2hKnFwAySXEep4A7Kfoowt6weO6381jgW+wVdTpMS/56qCvoXyFRY0slcv7c/U8My2PwIB2/wEaAh7Q==
  dependencies:
    "@discordjs/collection" "^2.0.0"
    "@discordjs/rest" "^2.1.0"
    "@discordjs/util" "^1.0.2"
    "@sapphire/async-queue" "^1.5.0"
    "@types/ws" "^8.5.9"
    "@vladfrangu/async_event_emitter" "^2.2.2"
    discord-api-types "0.37.61"
    tslib "^2.6.2"
    ws "^8.14.2"

"@fastify/busboy@^2.0.0":
  version "2.1.0"
  resolved "https://registry.npmjs.org/@fastify/busboy/-/busboy-2.1.0.tgz"
  integrity sha512-+KpH+QxZU7O4675t3mnkQKcZZg56u+K/Ct2K+N2AZYNVK8kyeo/bI18tI8aPm3tvNNRyTWfj6s5tnGNlcbQRsA==

"@isaacs/cliui@^8.0.2":
  version "8.0.2"
  resolved "https://registry.npmjs.org/@isaacs/cliui/-/cliui-8.0.2.tgz"
  integrity sha512-O8jcjabXaleOG9DQ0+ARXWZBTfnP4WNAqzuiJK7ll44AmxGKv/J2M4TPjxjY3znBCfvBXFzucm1twdyFybFqEA==
  dependencies:
    string-width "^5.1.2"
    string-width-cjs "npm:string-width@^4.2.0"
    strip-ansi "^7.0.1"
    strip-ansi-cjs "npm:strip-ansi@^6.0.1"
    wrap-ansi "^8.1.0"
    wrap-ansi-cjs "npm:wrap-ansi@^7.0.0"

"@mongodb-js/saslprep@^1.1.0":
  version "1.1.4"
  resolved "https://registry.npmjs.org/@mongodb-js/saslprep/-/saslprep-1.1.4.tgz"
  integrity sha512-8zJ8N1x51xo9hwPh6AWnKdLGEC5N3lDa6kms1YHmFBoRhTpJR6HG8wWk0td1MVCu9cD4YBrvjZEtd5Obw0Fbnw==
  dependencies:
    sparse-bitfield "^3.0.3"

"@octokit/app@^14.0.2":
  version "14.0.2"
  resolved "https://registry.npmjs.org/@octokit/app/-/app-14.0.2.tgz"
  integrity sha512-NCSCktSx+XmjuSUVn2dLfqQ9WIYePGP95SDJs4I9cn/0ZkeXcPkaoCLl64Us3dRKL2ozC7hArwze5Eu+/qt1tg==
  dependencies:
    "@octokit/auth-app" "^6.0.0"
    "@octokit/auth-unauthenticated" "^5.0.0"
    "@octokit/core" "^5.0.0"
    "@octokit/oauth-app" "^6.0.0"
    "@octokit/plugin-paginate-rest" "^9.0.0"
    "@octokit/types" "^12.0.0"
    "@octokit/webhooks" "^12.0.4"

"@octokit/auth-app@^6.0.0":
  version "6.0.3"
  resolved "https://registry.npmjs.org/@octokit/auth-app/-/auth-app-6.0.3.tgz"
  integrity sha512-9N7IlBAKEJR3tJgPSubCxIDYGXSdc+2xbkjYpk9nCyqREnH8qEMoMhiEB1WgoA9yTFp91El92XNXAi+AjuKnfw==
  dependencies:
    "@octokit/auth-oauth-app" "^7.0.0"
    "@octokit/auth-oauth-user" "^4.0.0"
    "@octokit/request" "^8.0.2"
    "@octokit/request-error" "^5.0.0"
    "@octokit/types" "^12.0.0"
    deprecation "^2.3.1"
    lru-cache "^10.0.0"
    universal-github-app-jwt "^1.1.2"
    universal-user-agent "^6.0.0"

"@octokit/auth-oauth-app@^7.0.0":
  version "7.0.1"
  resolved "https://registry.npmjs.org/@octokit/auth-oauth-app/-/auth-oauth-app-7.0.1.tgz"
  integrity sha512-RE0KK0DCjCHXHlQBoubwlLijXEKfhMhKm9gO56xYvFmP1QTMb+vvwRPmQLLx0V+5AvV9N9I3lr1WyTzwL3rMDg==
  dependencies:
    "@octokit/auth-oauth-device" "^6.0.0"
    "@octokit/auth-oauth-user" "^4.0.0"
    "@octokit/request" "^8.0.2"
    "@octokit/types" "^12.0.0"
    "@types/btoa-lite" "^1.0.0"
    btoa-lite "^1.0.0"
    universal-user-agent "^6.0.0"

"@octokit/auth-oauth-device@^6.0.0":
  version "6.0.1"
  resolved "https://registry.npmjs.org/@octokit/auth-oauth-device/-/auth-oauth-device-6.0.1.tgz"
  integrity sha512-yxU0rkL65QkjbqQedgVx3gmW7YM5fF+r5uaSj9tM/cQGVqloXcqP2xK90eTyYvl29arFVCW8Vz4H/t47mL0ELw==
  dependencies:
    "@octokit/oauth-methods" "^4.0.0"
    "@octokit/request" "^8.0.0"
    "@octokit/types" "^12.0.0"
    universal-user-agent "^6.0.0"

"@octokit/auth-oauth-user@^4.0.0":
  version "4.0.1"
  resolved "https://registry.npmjs.org/@octokit/auth-oauth-user/-/auth-oauth-user-4.0.1.tgz"
  integrity sha512-N94wWW09d0hleCnrO5wt5MxekatqEJ4zf+1vSe8MKMrhZ7gAXKFOKrDEZW2INltvBWJCyDUELgGRv8gfErH1Iw==
  dependencies:
    "@octokit/auth-oauth-device" "^6.0.0"
    "@octokit/oauth-methods" "^4.0.0"
    "@octokit/request" "^8.0.2"
    "@octokit/types" "^12.0.0"
    btoa-lite "^1.0.0"
    universal-user-agent "^6.0.0"

"@octokit/auth-token@^4.0.0":
  version "4.0.0"
  resolved "https://registry.npmjs.org/@octokit/auth-token/-/auth-token-4.0.0.tgz"
  integrity sha512-tY/msAuJo6ARbK6SPIxZrPBms3xPbfwBrulZe0Wtr/DIY9lje2HeV1uoebShn6mx7SjCHif6EjMvoREj+gZ+SA==

"@octokit/auth-unauthenticated@^5.0.0":
  version "5.0.1"
  resolved "https://registry.npmjs.org/@octokit/auth-unauthenticated/-/auth-unauthenticated-5.0.1.tgz"
  integrity sha512-oxeWzmBFxWd+XolxKTc4zr+h3mt+yofn4r7OfoIkR/Cj/o70eEGmPsFbueyJE2iBAGpjgTnEOKM3pnuEGVmiqg==
  dependencies:
    "@octokit/request-error" "^5.0.0"
    "@octokit/types" "^12.0.0"

"@octokit/core@^5.0.0", "@octokit/core@>=5":
  version "5.1.0"
  resolved "https://registry.npmjs.org/@octokit/core/-/core-5.1.0.tgz"
  integrity sha512-BDa2VAMLSh3otEiaMJ/3Y36GU4qf6GI+VivQ/P41NC6GHcdxpKlqV0ikSZ5gdQsmS3ojXeRx5vasgNTinF0Q4g==
  dependencies:
    "@octokit/auth-token" "^4.0.0"
    "@octokit/graphql" "^7.0.0"
    "@octokit/request" "^8.0.2"
    "@octokit/request-error" "^5.0.0"
    "@octokit/types" "^12.0.0"
    before-after-hook "^2.2.0"
    universal-user-agent "^6.0.0"

"@octokit/endpoint@^9.0.0":
  version "9.0.4"
  resolved "https://registry.npmjs.org/@octokit/endpoint/-/endpoint-9.0.4.tgz"
  integrity sha512-DWPLtr1Kz3tv8L0UvXTDP1fNwM0S+z6EJpRcvH66orY6Eld4XBMCSYsaWp4xIm61jTWxK68BrR7ibO+vSDnZqw==
  dependencies:
    "@octokit/types" "^12.0.0"
    universal-user-agent "^6.0.0"

"@octokit/graphql@^7.0.0":
  version "7.0.2"
  resolved "https://registry.npmjs.org/@octokit/graphql/-/graphql-7.0.2.tgz"
  integrity sha512-OJ2iGMtj5Tg3s6RaXH22cJcxXRi7Y3EBqbHTBRq+PQAqfaS8f/236fUrWhfSn8P4jovyzqucxme7/vWSSZBX2Q==
  dependencies:
    "@octokit/request" "^8.0.1"
    "@octokit/types" "^12.0.0"
    universal-user-agent "^6.0.0"

"@octokit/oauth-app@^6.0.0":
  version "6.1.0"
  resolved "https://registry.npmjs.org/@octokit/oauth-app/-/oauth-app-6.1.0.tgz"
  integrity sha512-nIn/8eUJ/BKUVzxUXd5vpzl1rwaVxMyYbQkNZjHrF7Vk/yu98/YDF/N2KeWO7uZ0g3b5EyiFXFkZI8rJ+DH1/g==
  dependencies:
    "@octokit/auth-oauth-app" "^7.0.0"
    "@octokit/auth-oauth-user" "^4.0.0"
    "@octokit/auth-unauthenticated" "^5.0.0"
    "@octokit/core" "^5.0.0"
    "@octokit/oauth-authorization-url" "^6.0.2"
    "@octokit/oauth-methods" "^4.0.0"
    "@types/aws-lambda" "^8.10.83"
    universal-user-agent "^6.0.0"

"@octokit/oauth-authorization-url@^6.0.2":
  version "6.0.2"
  resolved "https://registry.npmjs.org/@octokit/oauth-authorization-url/-/oauth-authorization-url-6.0.2.tgz"
  integrity sha512-CdoJukjXXxqLNK4y/VOiVzQVjibqoj/xHgInekviUJV73y/BSIcwvJ/4aNHPBPKcPWFnd4/lO9uqRV65jXhcLA==

"@octokit/oauth-methods@^4.0.0":
  version "4.0.1"
  resolved "https://registry.npmjs.org/@octokit/oauth-methods/-/oauth-methods-4.0.1.tgz"
  integrity sha512-1NdTGCoBHyD6J0n2WGXg9+yDLZrRNZ0moTEex/LSPr49m530WNKcCfXDghofYptr3st3eTii+EHoG5k/o+vbtw==
  dependencies:
    "@octokit/oauth-authorization-url" "^6.0.2"
    "@octokit/request" "^8.0.2"
    "@octokit/request-error" "^5.0.0"
    "@octokit/types" "^12.0.0"
    btoa-lite "^1.0.0"

"@octokit/openapi-types@^19.1.0":
  version "19.1.0"
  resolved "https://registry.npmjs.org/@octokit/openapi-types/-/openapi-types-19.1.0.tgz"
  integrity sha512-6G+ywGClliGQwRsjvqVYpklIfa7oRPA0vyhPQG/1Feh+B+wU0vGH1JiJ5T25d3g1JZYBHzR2qefLi9x8Gt+cpw==

"@octokit/plugin-paginate-graphql@^4.0.0":
  version "4.0.0"
  resolved "https://registry.npmjs.org/@octokit/plugin-paginate-graphql/-/plugin-paginate-graphql-4.0.0.tgz"
  integrity sha512-7HcYW5tP7/Z6AETAPU14gp5H5KmCPT3hmJrS/5tO7HIgbwenYmgw4OY9Ma54FDySuxMwD+wsJlxtuGWwuZuItA==

"@octokit/plugin-paginate-rest@^9.0.0":
  version "9.1.5"
  resolved "https://registry.npmjs.org/@octokit/plugin-paginate-rest/-/plugin-paginate-rest-9.1.5.tgz"
  integrity sha512-WKTQXxK+bu49qzwv4qKbMMRXej1DU2gq017euWyKVudA6MldaSSQuxtz+vGbhxV4CjxpUxjZu6rM2wfc1FiWVg==
  dependencies:
    "@octokit/types" "^12.4.0"

"@octokit/plugin-rest-endpoint-methods@^10.0.0":
  version "10.2.0"
  resolved "https://registry.npmjs.org/@octokit/plugin-rest-endpoint-methods/-/plugin-rest-endpoint-methods-10.2.0.tgz"
  integrity sha512-ePbgBMYtGoRNXDyKGvr9cyHjQ163PbwD0y1MkDJCpkO2YH4OeXX40c4wYHKikHGZcpGPbcRLuy0unPUuafco8Q==
  dependencies:
    "@octokit/types" "^12.3.0"

"@octokit/plugin-retry@^6.0.0":
  version "6.0.1"
  resolved "https://registry.npmjs.org/@octokit/plugin-retry/-/plugin-retry-6.0.1.tgz"
  integrity sha512-SKs+Tz9oj0g4p28qkZwl/topGcb0k0qPNX/i7vBKmDsjoeqnVfFUquqrE/O9oJY7+oLzdCtkiWSXLpLjvl6uog==
  dependencies:
    "@octokit/request-error" "^5.0.0"
    "@octokit/types" "^12.0.0"
    bottleneck "^2.15.3"

"@octokit/plugin-throttling@^8.0.0":
  version "8.1.3"
  resolved "https://registry.npmjs.org/@octokit/plugin-throttling/-/plugin-throttling-8.1.3.tgz"
  integrity sha512-pfyqaqpc0EXh5Cn4HX9lWYsZ4gGbjnSmUILeu4u2gnuM50K/wIk9s1Pxt3lVeVwekmITgN/nJdoh43Ka+vye8A==
  dependencies:
    "@octokit/types" "^12.2.0"
    bottleneck "^2.15.3"

"@octokit/request-error@^5.0.0":
  version "5.0.1"
  resolved "https://registry.npmjs.org/@octokit/request-error/-/request-error-5.0.1.tgz"
  integrity sha512-X7pnyTMV7MgtGmiXBwmO6M5kIPrntOXdyKZLigNfQWSEQzVxR4a4vo49vJjTWX70mPndj8KhfT4Dx+2Ng3vnBQ==
  dependencies:
    "@octokit/types" "^12.0.0"
    deprecation "^2.0.0"
    once "^1.4.0"

"@octokit/request@^8.0.0", "@octokit/request@^8.0.1", "@octokit/request@^8.0.2":
  version "8.1.6"
  resolved "https://registry.npmjs.org/@octokit/request/-/request-8.1.6.tgz"
  integrity sha512-YhPaGml3ncZC1NfXpP3WZ7iliL1ap6tLkAp6MvbK2fTTPytzVUyUesBBogcdMm86uRYO5rHaM1xIWxigWZ17MQ==
  dependencies:
    "@octokit/endpoint" "^9.0.0"
    "@octokit/request-error" "^5.0.0"
    "@octokit/types" "^12.0.0"
    universal-user-agent "^6.0.0"

"@octokit/types@^12.0.0", "@octokit/types@^12.2.0", "@octokit/types@^12.3.0", "@octokit/types@^12.4.0":
  version "12.4.0"
  resolved "https://registry.npmjs.org/@octokit/types/-/types-12.4.0.tgz"
  integrity sha512-FLWs/AvZllw/AGVs+nJ+ELCDZZJk+kY0zMen118xhL2zD0s1etIUHm1odgjP7epxYU1ln7SZxEUWYop5bhsdgQ==
  dependencies:
    "@octokit/openapi-types" "^19.1.0"

"@octokit/webhooks-methods@^4.0.0":
  version "4.0.0"
  resolved "https://registry.npmjs.org/@octokit/webhooks-methods/-/webhooks-methods-4.0.0.tgz"
  integrity sha512-M8mwmTXp+VeolOS/kfRvsDdW+IO0qJ8kYodM/sAysk093q6ApgmBXwK1ZlUvAwXVrp/YVHp6aArj4auAxUAOFw==

"@octokit/webhooks-types@7.1.0":
  version "7.1.0"
  resolved "https://registry.npmjs.org/@octokit/webhooks-types/-/webhooks-types-7.1.0.tgz"
  integrity sha512-y92CpG4kFFtBBjni8LHoV12IegJ+KFxLgKRengrVjKmGE5XMeCuGvlfRe75lTRrgXaG6XIWJlFpIDTlkoJsU8w==

"@octokit/webhooks@^12.0.4":
  version "12.0.11"
  resolved "https://registry.npmjs.org/@octokit/webhooks/-/webhooks-12.0.11.tgz"
  integrity sha512-YEQOb7v0TZ662nh5jsbY1CMgJyMajCEagKrHWC30LTCwCtnuIrLtEpE20vq4AtH0SuZI90+PtV66/Bnnw0jkvg==
  dependencies:
    "@octokit/request-error" "^5.0.0"
    "@octokit/webhooks-methods" "^4.0.0"
    "@octokit/webhooks-types" "7.1.0"
    aggregate-error "^3.1.0"

"@pkgjs/parseargs@^0.11.0":
  version "0.11.0"
  resolved "https://registry.npmjs.org/@pkgjs/parseargs/-/parseargs-0.11.0.tgz"
  integrity sha512-+1VkjdD0QBLPodGrJUeqarH8VAIvQODIbwh9XpP5Syisf7YoQgsJKPNFoqqLQlu+VQ/tVSshMR6loPMn8U+dPg==

"@sapphire/async-queue@^1.5.0":
  version "1.5.0"
  resolved "https://registry.npmjs.org/@sapphire/async-queue/-/async-queue-1.5.0.tgz"
  integrity sha512-JkLdIsP8fPAdh9ZZjrbHWR/+mZj0wvKS5ICibcLrRI1j84UmLMshx5n9QmL8b95d4onJ2xxiyugTgSAX7AalmA==

"@sapphire/shapeshift@^3.9.3":
  version "3.9.3"
  resolved "https://registry.npmjs.org/@sapphire/shapeshift/-/shapeshift-3.9.3.tgz"
  integrity sha512-WzKJSwDYloSkHoBbE8rkRW8UNKJiSRJ/P8NqJ5iVq7U2Yr/kriIBx2hW+wj2Z5e5EnXL1hgYomgaFsdK6b+zqQ==
  dependencies:
    fast-deep-equal "^3.1.3"
    lodash "^4.17.21"

"@sapphire/snowflake@^3.5.1", "@sapphire/snowflake@3.5.1":
  version "3.5.1"
  resolved "https://registry.npmjs.org/@sapphire/snowflake/-/snowflake-3.5.1.tgz"
  integrity sha512-BxcYGzgEsdlG0dKAyOm0ehLGm2CafIrfQTZGWgkfKYbj+pNNsorZ7EotuZukc2MT70E0UbppVbtpBrqpzVzjNA==

"@types/aws-lambda@^8.10.83":
  version "8.10.131"
  resolved "https://registry.npmjs.org/@types/aws-lambda/-/aws-lambda-8.10.131.tgz"
  integrity sha512-IWmFpqnVDvskYWnNSiu/qlRn80XlIOU0Gy5rKCl/NjhnI95pV8qIHs6L5b+bpHhyzuOSzjLgBcwgFSXrC1nZWA==

"@types/btoa-lite@^1.0.0":
  version "1.0.2"
  resolved "https://registry.npmjs.org/@types/btoa-lite/-/btoa-lite-1.0.2.tgz"
  integrity sha512-ZYbcE2x7yrvNFJiU7xJGrpF/ihpkM7zKgw8bha3LNJSesvTtUNxbpzaT7WXBIryf6jovisrxTBvymxMeLLj1Mg==

"@types/jsonwebtoken@^9.0.0":
  version "9.0.5"
  resolved "https://registry.npmjs.org/@types/jsonwebtoken/-/jsonwebtoken-9.0.5.tgz"
  integrity sha512-VRLSGzik+Unrup6BsouBeHsf4d1hOEgYWTm/7Nmw1sXoN1+tRly/Gy/po3yeahnP4jfnQWWAhQAqcNfH7ngOkA==
  dependencies:
    "@types/node" "*"

"@types/node@*":
  version "20.9.0"
  resolved "https://registry.npmjs.org/@types/node/-/node-20.9.0.tgz"
  integrity sha512-nekiGu2NDb1BcVofVcEKMIwzlx4NjHlcjhoxxKBNLtz15Y1z7MYf549DFvkHSId02Ax6kGwWntIBPC3l/JZcmw==
  dependencies:
    undici-types "~5.26.4"

"@types/webidl-conversions@*":
  version "7.0.3"
  resolved "https://registry.npmjs.org/@types/webidl-conversions/-/webidl-conversions-7.0.3.tgz"
  integrity sha512-CiJJvcRtIgzadHCYXw7dqEnMNRjhGZlYK05Mj9OyktqV8uVT8fD2BFOB7S1uwBE3Kj2Z+4UyPmFw/Ixgw/LAlA==

"@types/whatwg-url@^11.0.2":
  version "11.0.4"
  resolved "https://registry.npmjs.org/@types/whatwg-url/-/whatwg-url-11.0.4.tgz"
  integrity sha512-lXCmTWSHJvf0TRSO58nm978b8HJ/EdsSsEKLd3ODHFjo+3VGAyyTp4v50nWvwtzBxSMQrVOK7tcuN0zGPLICMw==
  dependencies:
    "@types/webidl-conversions" "*"

"@types/ws@^8.5.9", "@types/ws@8.5.9":
  version "8.5.9"
  resolved "https://registry.npmjs.org/@types/ws/-/ws-8.5.9.tgz"
  integrity sha512-jbdrY0a8lxfdTp/+r7Z4CkycbOFN8WX+IOchLJr3juT/xzbJ8URyTVSJ/hvNdadTgM1mnedb47n+Y31GsFnQlg==
  dependencies:
    "@types/node" "*"

"@vladfrangu/async_event_emitter@^2.2.2":
  version "2.2.2"
  resolved "https://registry.npmjs.org/@vladfrangu/async_event_emitter/-/async_event_emitter-2.2.2.tgz"
  integrity sha512-HIzRG7sy88UZjBJamssEczH5q7t5+axva19UbZLO6u0ySbYPrwzWiXBcC0WuHyhKKoeCyneH+FvYzKQq/zTtkQ==

add@^2.0.6:
  version "2.0.6"
  resolved "https://registry.npmjs.org/add/-/add-2.0.6.tgz"
  integrity sha512-j5QzrmsokwWWp6kUcJQySpbG+xfOBqqKnup3OIk1pz+kB/80SLorZ9V8zHFLO92Lcd+hbvq8bT+zOGoPkmBV0Q==

aggregate-error@^3.1.0:
  version "3.1.0"
  resolved "https://registry.npmjs.org/aggregate-error/-/aggregate-error-3.1.0.tgz"
  integrity sha512-4I7Td01quW/RpocfNayFdFVk1qSuoh0E7JrbRJ16nH01HhKFQ88INq9Sd+nd72zqRySlr9BmDA8xlEJ6vJMrYA==
  dependencies:
    clean-stack "^2.0.0"
    indent-string "^4.0.0"

ansi-regex@^5.0.1:
  version "5.0.1"
  resolved "https://registry.npmjs.org/ansi-regex/-/ansi-regex-5.0.1.tgz"
  integrity sha512-quJQXlTSUGL2LH9SUXo8VwsY4soanhgo6LNSm84E1LBcE8s3O0wpdiRzyR9z/ZZJMlMWv37qOOb9pdJlMUEKFQ==

ansi-regex@^6.0.1:
  version "6.0.1"
  resolved "https://registry.npmjs.org/ansi-regex/-/ansi-regex-6.0.1.tgz"
  integrity sha512-n5M855fKb2SsfMIiFFoVrABHJC8QtHwVx+mHWP3QcEqBHYienj5dHSgjbxtC0WEZXYt4wcD6zrQElDPhFuZgfA==

ansi-styles@^4.0.0:
  version "4.3.0"
  resolved "https://registry.npmjs.org/ansi-styles/-/ansi-styles-4.3.0.tgz"
  integrity sha512-zbB9rCJAT1rbjiVDb2hqKFHNYLxgtk8NURxZ3IZwD3F6NtxbXZQCnnSi1Lkx+IDohdPlFp222wVALIheZJQSEg==
  dependencies:
    color-convert "^2.0.1"

ansi-styles@^6.1.0:
  version "6.2.1"
  resolved "https://registry.npmjs.org/ansi-styles/-/ansi-styles-6.2.1.tgz"
  integrity sha512-bN798gFfQX+viw3R7yrGWRqnrN2oRkEkUjjl4JNn4E8GxxbjtG3FbrEIIY3l8/hrwUwIeCZvi4QuOTP4MErVug==

balanced-match@^1.0.0:
  version "1.0.2"
  resolved "https://registry.npmjs.org/balanced-match/-/balanced-match-1.0.2.tgz"
  integrity sha512-3oSeUO0TMV67hN1AmbXsK4yaqU7tjiHlbxRDZOpH0KW9+CeX4bRAaX0Anxt0tx2MrpRpWwQaPwIlISEJhYU5Pw==

before-after-hook@^2.2.0:
  version "2.2.3"
  resolved "https://registry.npmjs.org/before-after-hook/-/before-after-hook-2.2.3.tgz"
  integrity sha512-NzUnlZexiaH/46WDhANlyR2bXRopNg4F/zuSA3OpZnllCUgRaOF2znDioDWrmbNVsuZk6l9pMquQB38cfBZwkQ==

bottleneck@^2.15.3:
  version "2.19.5"
  resolved "https://registry.npmjs.org/bottleneck/-/bottleneck-2.19.5.tgz"
  integrity sha512-VHiNCbI1lKdl44tGrhNfU3lup0Tj/ZBMJB5/2ZbNXRCPuRCO7ed2mgcK4r17y+KB2EfuYuRaVlwNbAeaWGSpbw==

brace-expansion@^2.0.1:
  version "2.0.1"
  resolved "https://registry.npmjs.org/brace-expansion/-/brace-expansion-2.0.1.tgz"
  integrity sha512-XnAIvQ8eM+kC6aULx6wuQiwVsnzsi9d3WxzV3FpWTGA19F621kwdbsAcFKXgKUHZWsy+mY6iL1sHTxWEFCytDA==
  dependencies:
    balanced-match "^1.0.0"

bson@^6.2.0:
  version "6.2.0"
  resolved "https://registry.npmjs.org/bson/-/bson-6.2.0.tgz"
  integrity sha512-ID1cI+7bazPDyL9wYy9GaQ8gEEohWvcUl/Yf0dIdutJxnmInEEyCsb4awy/OiBfall7zBA179Pahi3vCdFze3Q==

btoa-lite@^1.0.0:
  version "1.0.0"
  resolved "https://registry.npmjs.org/btoa-lite/-/btoa-lite-1.0.0.tgz"
  integrity sha512-gvW7InbIyF8AicrqWoptdW08pUxuhq8BEgowNajy9RhiE86fmGAGl+bLKo6oB8QP0CkqHLowfN0oJdKC/J6LbA==

buffer-equal-constant-time@1.0.1:
  version "1.0.1"
  resolved "https://registry.npmjs.org/buffer-equal-constant-time/-/buffer-equal-constant-time-1.0.1.tgz"
  integrity sha512-zRpUiDwd/xk6ADqPMATG8vc9VPrkck7T07OIx0gnjmJAnHnTVXNQG3vfvWNuiZIkwu9KrKdA1iJKfsfTVxE6NA==

chalk@^5.3.0:
  version "5.3.0"
  resolved "https://registry.npmjs.org/chalk/-/chalk-5.3.0.tgz"
  integrity sha512-dLitG79d+GV1Nb/VYcCDFivJeK1hiukt9QjRNVOsUtTy1rR1YJsmpGGTZ3qJos+uw7WmWF4wUwBd9jxjocFC2w==

clean-stack@^2.0.0:
  version "2.2.0"
  resolved "https://registry.npmjs.org/clean-stack/-/clean-stack-2.2.0.tgz"
  integrity sha512-4diC9HaTE+KRAMWhDhrGOECgWZxoevMc5TlkObMqNSsVU62PYzXZ/SMTjzyGAFF1YusgxGcSWTEXBhp0CPwQ1A==

color-convert@^2.0.1:
  version "2.0.1"
  resolved "https://registry.npmjs.org/color-convert/-/color-convert-2.0.1.tgz"
  integrity sha512-RRECPsj7iu/xb5oKYcsFHSppFNnsj/52OVTRKb4zP5onXwVF3zVmmToNcOfGC+CRDpfK/U584fMg38ZHCaElKQ==
  dependencies:
    color-name "~1.1.4"

color-name@~1.1.4:
  version "1.1.4"
  resolved "https://registry.npmjs.org/color-name/-/color-name-1.1.4.tgz"
  integrity sha512-dOy+3AuW3a2wNbZHIuMZpTcgjGuLU/uBL/ubcZF9OXbDo8ff4O8yVp5Bf0efS8uEoYo5q4Fx7dY9OgQGXgAsQA==

cross-spawn@^7.0.0:
  version "7.0.3"
  resolved "https://registry.npmjs.org/cross-spawn/-/cross-spawn-7.0.3.tgz"
  integrity sha512-iRDPJKUPVEND7dHPO8rkbOnPpyDygcDFtWjpeWNCgy8WP2rXcxXL8TskReQl6OrB2G7+UJrags1q15Fudc7G6w==
  dependencies:
    path-key "^3.1.0"
    shebang-command "^2.0.0"
    which "^2.0.1"

debug@4.x:
  version "4.3.4"
  resolved "https://registry.npmjs.org/debug/-/debug-4.3.4.tgz"
  integrity sha512-PRWFHuSU3eDtQJPvnNY7Jcket1j0t5OuOsFzPPzsekD52Zl8qUfFIPEiswXqIvHWGVHOgX+7G/vCNNhehwxfkQ==
  dependencies:
    ms "2.1.2"

deprecation@^2.0.0, deprecation@^2.3.1:
  version "2.3.1"
  resolved "https://registry.npmjs.org/deprecation/-/deprecation-2.3.1.tgz"
  integrity sha512-xmHIy4F3scKVwMsQ4WnVaS8bHOx0DmVwRywosKhaILI0ywMDWPtBSku2HNxRvF7jtwDRsoEwYQSfbxj8b7RlJQ==

discord-api-types@0.37.61:
  version "0.37.61"
  resolved "https://registry.npmjs.org/discord-api-types/-/discord-api-types-0.37.61.tgz"
  integrity sha512-o/dXNFfhBpYHpQFdT6FWzeO7pKc838QeeZ9d91CfVAtpr5XLK4B/zYxQbYgPdoMiTDvJfzcsLW5naXgmHGDNXw==

discord.js@^14.14.1:
  version "14.14.1"
  resolved "https://registry.npmjs.org/discord.js/-/discord.js-14.14.1.tgz"
  integrity sha512-/hUVzkIerxKHyRKopJy5xejp4MYKDPTszAnpYxzVVv4qJYf+Tkt+jnT2N29PIPschicaEEpXwF2ARrTYHYwQ5w==
  dependencies:
    "@discordjs/builders" "^1.7.0"
    "@discordjs/collection" "1.5.3"
    "@discordjs/formatters" "^0.3.3"
    "@discordjs/rest" "^2.1.0"
    "@discordjs/util" "^1.0.2"
    "@discordjs/ws" "^1.0.2"
    "@sapphire/snowflake" "3.5.1"
    "@types/ws" "8.5.9"
    discord-api-types "0.37.61"
    fast-deep-equal "3.1.3"
    lodash.snakecase "4.1.1"
    tslib "2.6.2"
    undici "5.27.2"
    ws "8.14.2"

dotenv@^16.3.1:
  version "16.3.1"
  resolved "https://registry.npmjs.org/dotenv/-/dotenv-16.3.1.tgz"
  integrity sha512-IPzF4w4/Rd94bA9imS68tZBaYyBWSCE47V1RGuMrB94iyTOIEwRmVL2x/4An+6mETpLrKJ5hQkB8W4kFAadeIQ==

eastasianwidth@^0.2.0:
  version "0.2.0"
  resolved "https://registry.npmjs.org/eastasianwidth/-/eastasianwidth-0.2.0.tgz"
  integrity sha512-I88TYZWc9XiYHRQ4/3c5rjjfgkjhLyW2luGIheGERbNQ6OY7yTybanSpDXZa8y7VUP9YmDcYa+eyq4ca7iLqWA==

ecdsa-sig-formatter@1.0.11:
  version "1.0.11"
  resolved "https://registry.npmjs.org/ecdsa-sig-formatter/-/ecdsa-sig-formatter-1.0.11.tgz"
  integrity sha512-nagl3RYrbNv6kQkeJIpt6NJZy8twLB/2vtz6yN9Z4vRKHN4/QZJIEbqohALSgwKdnksuY3k5Addp5lg8sVoVcQ==
  dependencies:
    safe-buffer "^5.0.1"

emoji-regex@^8.0.0:
  version "8.0.0"
  resolved "https://registry.npmjs.org/emoji-regex/-/emoji-regex-8.0.0.tgz"
  integrity sha512-MSjYzcWNOA0ewAHpz0MxpYFvwg6yjy1NG3xteoqz644VCo/RPgnr1/GGt+ic3iJTzQ8Eu3TdM14SawnVUmGE6A==

emoji-regex@^9.2.2:
  version "9.2.2"
  resolved "https://registry.npmjs.org/emoji-regex/-/emoji-regex-9.2.2.tgz"
  integrity sha512-L18DaJsXSUk2+42pv8mLs5jJT2hqFkFE4j21wOmgbUqsZ2hL72NsUU785g9RXgo3s0ZNgVl42TiHp3ZtOv/Vyg==

fast-deep-equal@^3.1.3, fast-deep-equal@3.1.3:
  version "3.1.3"
  resolved "https://registry.npmjs.org/fast-deep-equal/-/fast-deep-equal-3.1.3.tgz"
  integrity sha512-f3qQ9oQy9j2AhBe/H9VC91wLmKBCCU/gDOnKNAYG5hswO7BLKj09Hc5HYNz9cGI++xlpDCIgDaitVs03ATR84Q==

foreground-child@^3.1.0:
  version "3.1.1"
  resolved "https://registry.npmjs.org/foreground-child/-/foreground-child-3.1.1.tgz"
  integrity sha512-TMKDUnIte6bfb5nWv7V/caI169OHgvwjb7V4WkeUvbQQdjr5rWKqHFiKWb/fcOwB+CzBT+qbWjvj+DVwRskpIg==
  dependencies:
    cross-spawn "^7.0.0"
    signal-exit "^4.0.1"

glob@^10.3.7:
  version "10.3.10"
  resolved "https://registry.npmjs.org/glob/-/glob-10.3.10.tgz"
  integrity sha512-fa46+tv1Ak0UPK1TOy/pZrIybNNt4HCv7SDzwyfiOZkvZLEbjsZkJBPtDHVshZjbecAoAGSC20MjLDG/qr679g==
  dependencies:
    foreground-child "^3.1.0"
    jackspeak "^2.3.5"
    minimatch "^9.0.1"
    minipass "^5.0.0 || ^6.0.2 || ^7.0.0"
    path-scurry "^1.10.1"

indent-string@^4.0.0:
  version "4.0.0"
  resolved "https://registry.npmjs.org/indent-string/-/indent-string-4.0.0.tgz"
  integrity sha512-EdDDZu4A2OyIK7Lr/2zG+w5jmbuk1DVBnEwREQvBzspBJkCEbRa8GxU1lghYcaGJCnRWibjDXlq779X1/y5xwg==

install@^0.13.0:
  version "0.13.0"
  resolved "https://registry.npmjs.org/install/-/install-0.13.0.tgz"
  integrity sha512-zDml/jzr2PKU9I8J/xyZBQn8rPCAY//UOYNmR01XwNwyfhEWObo2SWfSl1+0tm1u6PhxLwDnfsT/6jB7OUxqFA==

is-fullwidth-code-point@^3.0.0:
  version "3.0.0"
  resolved "https://registry.npmjs.org/is-fullwidth-code-point/-/is-fullwidth-code-point-3.0.0.tgz"
  integrity sha512-zymm5+u+sCsSWyD9qNaejV3DFvhCKclKdizYaJUuHA83RLjb7nSuGnddCHGv0hk+KY7BMAlsWeK4Ueg6EV6XQg==

isexe@^2.0.0:
  version "2.0.0"
  resolved "https://registry.npmjs.org/isexe/-/isexe-2.0.0.tgz"
  integrity sha512-RHxMLp9lnKHGHRng9QFhRCMbYAcVpn69smSGcq3f36xjgVVWThj4qqLbTLlq7Ssj8B+fIQ1EuCEGI2lKsyQeIw==

jackspeak@^2.3.5:
  version "2.3.6"
  resolved "https://registry.npmjs.org/jackspeak/-/jackspeak-2.3.6.tgz"
  integrity sha512-N3yCS/NegsOBokc8GAdM8UcmfsKiSS8cipheD/nivzr700H+nsMOxJjQnvwOcRYVuFkdH0wGUvW2WbXGmrZGbQ==
  dependencies:
    "@isaacs/cliui" "^8.0.2"
  optionalDependencies:
    "@pkgjs/parseargs" "^0.11.0"

jsonwebtoken@^9.0.2:
  version "9.0.2"
  resolved "https://registry.npmjs.org/jsonwebtoken/-/jsonwebtoken-9.0.2.tgz"
  integrity sha512-PRp66vJ865SSqOlgqS8hujT5U4AOgMfhrwYIuIhfKaoSCZcirrmASQr8CX7cUg+RMih+hgznrjp99o+W4pJLHQ==
  dependencies:
    jws "^3.2.2"
    lodash.includes "^4.3.0"
    lodash.isboolean "^3.0.3"
    lodash.isinteger "^4.0.4"
    lodash.isnumber "^3.0.3"
    lodash.isplainobject "^4.0.6"
    lodash.isstring "^4.0.1"
    lodash.once "^4.0.0"
    ms "^2.1.1"
    semver "^7.5.4"

jwa@^1.4.1:
  version "1.4.1"
  resolved "https://registry.npmjs.org/jwa/-/jwa-1.4.1.tgz"
  integrity sha512-qiLX/xhEEFKUAJ6FiBMbes3w9ATzyk5W7Hvzpa/SLYdxNtng+gcurvrI7TbACjIXlsJyr05/S1oUhZrc63evQA==
  dependencies:
    buffer-equal-constant-time "1.0.1"
    ecdsa-sig-formatter "1.0.11"
    safe-buffer "^5.0.1"

jws@^3.2.2:
  version "3.2.2"
  resolved "https://registry.npmjs.org/jws/-/jws-3.2.2.tgz"
  integrity sha512-YHlZCB6lMTllWDtSPHz/ZXTsi8S00usEV6v1tjq8tOUZzw7DpSDWVXjXDre6ed1w/pd495ODpHZYSdkRTsa0HA==
  dependencies:
    jwa "^1.4.1"
    safe-buffer "^5.0.1"

kareem@2.5.1:
  version "2.5.1"
  resolved "https://registry.npmjs.org/kareem/-/kareem-2.5.1.tgz"
  integrity sha512-7jFxRVm+jD+rkq3kY0iZDJfsO2/t4BBPeEb2qKn2lR/9KhuksYk5hxzfRYWMPV8P/x2d0kHD306YyWLzjjH+uA==

lodash.includes@^4.3.0:
  version "4.3.0"
  resolved "https://registry.npmjs.org/lodash.includes/-/lodash.includes-4.3.0.tgz"
  integrity sha512-W3Bx6mdkRTGtlJISOvVD/lbqjTlPPUDTMnlXZFnVwi9NKJ6tiAk6LVdlhZMm17VZisqhKcgzpO5Wz91PCt5b0w==

lodash.isboolean@^3.0.3:
  version "3.0.3"
  resolved "https://registry.npmjs.org/lodash.isboolean/-/lodash.isboolean-3.0.3.tgz"
  integrity sha512-Bz5mupy2SVbPHURB98VAcw+aHh4vRV5IPNhILUCsOzRmsTmSQ17jIuqopAentWoehktxGd9e/hbIXq980/1QJg==

lodash.isinteger@^4.0.4:
  version "4.0.4"
  resolved "https://registry.npmjs.org/lodash.isinteger/-/lodash.isinteger-4.0.4.tgz"
  integrity sha512-DBwtEWN2caHQ9/imiNeEA5ys1JoRtRfY3d7V9wkqtbycnAmTvRRmbHKDV4a0EYc678/dia0jrte4tjYwVBaZUA==

lodash.isnumber@^3.0.3:
  version "3.0.3"
  resolved "https://registry.npmjs.org/lodash.isnumber/-/lodash.isnumber-3.0.3.tgz"
  integrity sha512-QYqzpfwO3/CWf3XP+Z+tkQsfaLL/EnUlXWVkIk5FUPc4sBdTehEqZONuyRt2P67PXAk+NXmTBcc97zw9t1FQrw==

lodash.isplainobject@^4.0.6:
  version "4.0.6"
  resolved "https://registry.npmjs.org/lodash.isplainobject/-/lodash.isplainobject-4.0.6.tgz"
  integrity sha512-oSXzaWypCMHkPC3NvBEaPHf0KsA5mvPrOPgQWDsbg8n7orZ290M0BmC/jgRZ4vcJ6DTAhjrsSYgdsW/F+MFOBA==

lodash.isstring@^4.0.1:
  version "4.0.1"
  resolved "https://registry.npmjs.org/lodash.isstring/-/lodash.isstring-4.0.1.tgz"
  integrity sha512-0wJxfxH1wgO3GrbuP+dTTk7op+6L41QCXbGINEmD+ny/G/eCqGzxyCsh7159S+mgDDcoarnBw6PC1PS5+wUGgw==

lodash.once@^4.0.0:
  version "4.1.1"
  resolved "https://registry.npmjs.org/lodash.once/-/lodash.once-4.1.1.tgz"
  integrity sha512-Sb487aTOCr9drQVL8pIxOzVhafOjZN9UU54hiN8PU3uAiSV7lx1yYNpbNmex2PK6dSJoNTSJUUswT651yww3Mg==

lodash.snakecase@4.1.1:
  version "4.1.1"
  resolved "https://registry.npmjs.org/lodash.snakecase/-/lodash.snakecase-4.1.1.tgz"
  integrity sha512-QZ1d4xoBHYUeuouhEq3lk3Uq7ldgyFXGBhg04+oRLnIz8o9T65Eh+8YdroUwn846zchkA9yDsDl5CVVaV2nqYw==

lodash@^4.17.21:
  version "4.17.21"
  resolved "https://registry.npmjs.org/lodash/-/lodash-4.17.21.tgz"
  integrity sha512-v2kDEe57lecTulaDIuNTPy3Ry4gLGJ6Z1O3vE1krgXZNrsQ+LFTGHVxVjcXPs17LhbZVGedAJv8XZ1tvj5FvSg==

lru-cache@^10.0.0, "lru-cache@^9.1.1 || ^10.0.0":
  version "10.0.1"
  resolved "https://registry.npmjs.org/lru-cache/-/lru-cache-10.0.1.tgz"
  integrity sha512-IJ4uwUTi2qCccrioU6g9g/5rvvVl13bsdczUUcqbciD9iLr095yj8DQKdObriEvuNSx325N1rV1O0sJFszx75g==

lru-cache@^6.0.0:
  version "6.0.0"
  resolved "https://registry.npmjs.org/lru-cache/-/lru-cache-6.0.0.tgz"
  integrity sha512-Jo6dJ04CmSjuznwJSS3pUeWmd/H0ffTlkXXgwZi+eq1UCmqQwCh+eLsYOYCwY991i2Fah4h1BEMCx4qThGbsiA==
  dependencies:
    yallist "^4.0.0"

magic-bytes.js@^1.5.0:
  version "1.5.0"
  resolved "https://registry.npmjs.org/magic-bytes.js/-/magic-bytes.js-1.5.0.tgz"
  integrity sha512-wJkXvutRbNWcc37tt5j1HyOK1nosspdh3dj6LUYYAvF6JYNqs53IfRvK9oEpcwiDA1NdoIi64yAMfdivPeVAyw==

memory-pager@^1.0.2:
  version "1.5.0"
  resolved "https://registry.npmjs.org/memory-pager/-/memory-pager-1.5.0.tgz"
  integrity sha512-ZS4Bp4r/Zoeq6+NLJpP+0Zzm0pR8whtGPf1XExKLJBAczGMnSi3It14OiNCStjQjM6NU1okjQGSxgEZN8eBYKg==

minimatch@^9.0.1:
  version "9.0.3"
  resolved "https://registry.npmjs.org/minimatch/-/minimatch-9.0.3.tgz"
  integrity sha512-RHiac9mvaRw0x3AYRgDC1CxAP7HTcNrrECeA8YYJeWnpo+2Q5CegtZjaotWTWxDG3UeGA1coE05iH1mPjT/2mg==
  dependencies:
    brace-expansion "^2.0.1"

"minipass@^5.0.0 || ^6.0.2 || ^7.0.0":
  version "7.0.4"
  resolved "https://registry.npmjs.org/minipass/-/minipass-7.0.4.tgz"
  integrity sha512-jYofLM5Dam9279rdkWzqHozUo4ybjdZmCsDHePy5V/PbBcVMiSZR97gmAy45aqi8CK1lG2ECd356FU86avfwUQ==

mongodb-connection-string-url@^3.0.0:
  version "3.0.0"
  resolved "https://registry.npmjs.org/mongodb-connection-string-url/-/mongodb-connection-string-url-3.0.0.tgz"
  integrity sha512-t1Vf+m1I5hC2M5RJx/7AtxgABy1cZmIPQRMXw+gEIPn/cZNF3Oiy+l0UIypUwVB5trcWHq3crg2g3uAR9aAwsQ==
  dependencies:
    "@types/whatwg-url" "^11.0.2"
    whatwg-url "^13.0.0"

mongodb@^6.3.0, mongodb@6.3.0:
  version "6.3.0"
  resolved "https://registry.npmjs.org/mongodb/-/mongodb-6.3.0.tgz"
  integrity sha512-tt0KuGjGtLUhLoU263+xvQmPHEGTw5LbcNC73EoFRYgSHwZt5tsoJC110hDyO1kjQzpgNrpdcSza9PknWN4LrA==
  dependencies:
    "@mongodb-js/saslprep" "^1.1.0"
    bson "^6.2.0"
    mongodb-connection-string-url "^3.0.0"

mongoose@^8.1.0:
  version "8.1.0"
  resolved "https://registry.npmjs.org/mongoose/-/mongoose-8.1.0.tgz"
  integrity sha512-kOA4Xnq2goqNpN9EmYElGNWfxA9H80fxcr7UdJKWi3UMflza0R7wpTihCpM67dE/0MNFljoa0sjQtlXVkkySAQ==
  dependencies:
    bson "^6.2.0"
    kareem "2.5.1"
    mongodb "6.3.0"
    mpath "0.9.0"
    mquery "5.0.0"
    ms "2.1.3"
    sift "16.0.1"

mpath@0.9.0:
  version "0.9.0"
  resolved "https://registry.npmjs.org/mpath/-/mpath-0.9.0.tgz"
  integrity sha512-ikJRQTk8hw5DEoFVxHG1Gn9T/xcjtdnOKIU1JTmGjZZlg9LST2mBLmcX3/ICIbgJydT2GOc15RnNy5mHmzfSew==

mquery@5.0.0:
  version "5.0.0"
  resolved "https://registry.npmjs.org/mquery/-/mquery-5.0.0.tgz"
  integrity sha512-iQMncpmEK8R8ncT8HJGsGc9Dsp8xcgYMVSbs5jgnm1lFHTZqMJTUWTDx1LBO8+mK3tPNZWFLBghQEIOULSTHZg==
  dependencies:
    debug "4.x"

ms@^2.1.1, ms@2.1.3:
  version "2.1.3"
  resolved "https://registry.npmjs.org/ms/-/ms-2.1.3.tgz"
  integrity sha512-6FlzubTLZG3J2a/NVCAleEhjzq5oxgHyaCU9yYXvcLsvoVaHJq/s5xXI6/XXP6tz7R9xAOtHnSO/tXtF3WRTlA==

ms@2.1.2:
  version "2.1.2"
  resolved "https://registry.npmjs.org/ms/-/ms-2.1.2.tgz"
  integrity sha512-sGkPx+VjMtmA6MX27oA4FBFELFCZZ4S4XqeGOXCv68tT+jb3vk/RyaKWP0PTKyWtmLSM0b+adUTEvbs1PEaH2w==

octokit@^3.1.2:
  version "3.1.2"
  resolved "https://registry.npmjs.org/octokit/-/octokit-3.1.2.tgz"
  integrity sha512-MG5qmrTL5y8KYwFgE1A4JWmgfQBaIETE/lOlfwNYx1QOtCQHGVxkRJmdUJltFc1HVn73d61TlMhMyNTOtMl+ng==
  dependencies:
    "@octokit/app" "^14.0.2"
    "@octokit/core" "^5.0.0"
    "@octokit/oauth-app" "^6.0.0"
    "@octokit/plugin-paginate-graphql" "^4.0.0"
    "@octokit/plugin-paginate-rest" "^9.0.0"
    "@octokit/plugin-rest-endpoint-methods" "^10.0.0"
    "@octokit/plugin-retry" "^6.0.0"
    "@octokit/plugin-throttling" "^8.0.0"
    "@octokit/request-error" "^5.0.0"
    "@octokit/types" "^12.0.0"

once@^1.4.0:
  version "1.4.0"
  resolved "https://registry.npmjs.org/once/-/once-1.4.0.tgz"
  integrity sha512-lNaJgI+2Q5URQBkccEKHTQOPaXdUxnZZElQTZY0MFUAuaEqe1E+Nyvgdz/aIyNi6Z9MzO5dv1H8n58/GELp3+w==
  dependencies:
    wrappy "1"

path-key@^3.1.0:
  version "3.1.1"
  resolved "https://registry.npmjs.org/path-key/-/path-key-3.1.1.tgz"
  integrity sha512-ojmeN0qd+y0jszEtoY48r0Peq5dwMEkIlCOu6Q5f41lfkswXuKtYrhgoTpLnyIcHm24Uhqx+5Tqm2InSwLhE6Q==

path-scurry@^1.10.1:
  version "1.10.1"
  resolved "https://registry.npmjs.org/path-scurry/-/path-scurry-1.10.1.tgz"
  integrity sha512-MkhCqzzBEpPvxxQ71Md0b1Kk51W01lrYvlMzSUaIzNsODdd7mqhiimSZlr+VegAz5Z6Vzt9Xg2ttE//XBhH3EQ==
  dependencies:
    lru-cache "^9.1.1 || ^10.0.0"
    minipass "^5.0.0 || ^6.0.2 || ^7.0.0"

pnpm@^8.14.3:
  version "8.14.3"
  resolved "https://registry.npmjs.org/pnpm/-/pnpm-8.14.3.tgz"
  integrity sha512-w+2A61g74+K37zHrlri5z6oFA+XUTscXUUEgtRh7L5M3NukDjFGlojrVgnkLpB1Kt4RhjIn6fiNl9mZWhdYS7g==

punycode@^2.3.0:
  version "2.3.1"
  resolved "https://registry.npmjs.org/punycode/-/punycode-2.3.1.tgz"
  integrity sha512-vYt7UD1U9Wg6138shLtLOvdAu+8DsC/ilFtEVHcH+wydcSpNE20AfSOduf6MkRFahL5FY7X1oU7nKVZFtfq8Fg==

rimraf@^5.0.5:
  version "5.0.5"
  resolved "https://registry.npmjs.org/rimraf/-/rimraf-5.0.5.tgz"
  integrity sha512-CqDakW+hMe/Bz202FPEymy68P+G50RfMQK+Qo5YUqc9SPipvbGjCGKd0RSKEelbsfQuw3g5NZDSrlZZAJurH1A==
  dependencies:
    glob "^10.3.7"

safe-buffer@^5.0.1:
  version "5.2.1"
  resolved "https://registry.npmjs.org/safe-buffer/-/safe-buffer-5.2.1.tgz"
  integrity sha512-rp3So07KcdmmKbGvgaNxQSJr7bGVSVk5S9Eq1F+ppbRo70+YeaDxkw5Dd8NPN+GD6bjnYm2VuPuCXmpuYvmCXQ==

semver@^7.5.4:
  version "7.5.4"
  resolved "https://registry.npmjs.org/semver/-/semver-7.5.4.tgz"
  integrity sha512-1bCSESV6Pv+i21Hvpxp3Dx+pSD8lIPt8uVjRrxAUt/nbswYc+tK6Y2btiULjd4+fnq15PX+nqQDC7Oft7WkwcA==
  dependencies:
    lru-cache "^6.0.0"

shebang-command@^2.0.0:
  version "2.0.0"
  resolved "https://registry.npmjs.org/shebang-command/-/shebang-command-2.0.0.tgz"
  integrity sha512-kHxr2zZpYtdmrN1qDjrrX/Z1rR1kG8Dx+gkpK1G4eXmvXswmcE1hTWBWYUzlraYw1/yZp6YuDY77YtvbN0dmDA==
  dependencies:
    shebang-regex "^3.0.0"

shebang-regex@^3.0.0:
  version "3.0.0"
  resolved "https://registry.npmjs.org/shebang-regex/-/shebang-regex-3.0.0.tgz"
  integrity sha512-7++dFhtcx3353uBaq8DDR4NuxBetBzC7ZQOhmTQInHEd6bSrXdiEyzCvG07Z44UYdLShWUyXt5M/yhz8ekcb1A==

sift@16.0.1:
  version "16.0.1"
  resolved "https://registry.npmjs.org/sift/-/sift-16.0.1.tgz"
  integrity sha512-Wv6BjQ5zbhW7VFefWusVP33T/EM0vYikCaQ2qR8yULbsilAT8/wQaXvuQ3ptGLpoKx+lihJE3y2UTgKDyyNHZQ==

signal-exit@^4.0.1:
  version "4.1.0"
  resolved "https://registry.npmjs.org/signal-exit/-/signal-exit-4.1.0.tgz"
  integrity sha512-bzyZ1e88w9O1iNJbKnOlvYTrWPDl46O1bG0D3XInv+9tkPrxrN8jUUTiFlDkkmKWgn1M6CfIA13SuGqOa9Korw==

sparse-bitfield@^3.0.3:
  version "3.0.3"
  resolved "https://registry.npmjs.org/sparse-bitfield/-/sparse-bitfield-3.0.3.tgz"
  integrity sha512-kvzhi7vqKTfkh0PZU+2D2PIllw2ymqJKujUcyPMd9Y75Nv4nPbGJZXNhxsgdQab2BmlDct1YnfQCguEvHr7VsQ==
  dependencies:
    memory-pager "^1.0.2"

"string-width-cjs@npm:string-width@^4.2.0":
  version "4.2.3"
  resolved "https://registry.npmjs.org/string-width/-/string-width-4.2.3.tgz"
  integrity sha512-wKyQRQpjJ0sIp62ErSZdGsjMJWsap5oRNihHhu6G7JVO/9jIB6UyevL+tXuOqrng8j/cxKTWyWUwvSTriiZz/g==
  dependencies:
    emoji-regex "^8.0.0"
    is-fullwidth-code-point "^3.0.0"
    strip-ansi "^6.0.1"

string-width@^4.1.0:
  version "4.2.3"
  resolved "https://registry.npmjs.org/string-width/-/string-width-4.2.3.tgz"
  integrity sha512-wKyQRQpjJ0sIp62ErSZdGsjMJWsap5oRNihHhu6G7JVO/9jIB6UyevL+tXuOqrng8j/cxKTWyWUwvSTriiZz/g==
  dependencies:
    emoji-regex "^8.0.0"
    is-fullwidth-code-point "^3.0.0"
    strip-ansi "^6.0.1"

string-width@^5.0.1, string-width@^5.1.2:
  version "5.1.2"
  resolved "https://registry.npmjs.org/string-width/-/string-width-5.1.2.tgz"
  integrity sha512-HnLOCR3vjcY8beoNLtcjZ5/nxn2afmME6lhrDrebokqMap+XbeW8n9TXpPDOqdGK5qcI3oT0GKTW6wC7EMiVqA==
  dependencies:
    eastasianwidth "^0.2.0"
    emoji-regex "^9.2.2"
    strip-ansi "^7.0.1"

"strip-ansi-cjs@npm:strip-ansi@^6.0.1":
  version "6.0.1"
  resolved "https://registry.npmjs.org/strip-ansi/-/strip-ansi-6.0.1.tgz"
  integrity sha512-Y38VPSHcqkFrCpFnQ9vuSXmquuv5oXOKpGeT6aGrr3o3Gc9AlVa6JBfUSOCnbxGGZF+/0ooI7KrPuUSztUdU5A==
  dependencies:
    ansi-regex "^5.0.1"

strip-ansi@^6.0.0, strip-ansi@^6.0.1:
  version "6.0.1"
  resolved "https://registry.npmjs.org/strip-ansi/-/strip-ansi-6.0.1.tgz"
  integrity sha512-Y38VPSHcqkFrCpFnQ9vuSXmquuv5oXOKpGeT6aGrr3o3Gc9AlVa6JBfUSOCnbxGGZF+/0ooI7KrPuUSztUdU5A==
  dependencies:
    ansi-regex "^5.0.1"

strip-ansi@^7.0.1:
  version "7.1.0"
  resolved "https://registry.npmjs.org/strip-ansi/-/strip-ansi-7.1.0.tgz"
  integrity sha512-iq6eVVI64nQQTRYq2KtEg2d2uU7LElhTJwsH4YzIHZshxlgZms/wIc4VoDQTlG/IvVIrBKG06CrZnp0qv7hkcQ==
  dependencies:
    ansi-regex "^6.0.1"

tr46@^4.1.1:
  version "4.1.1"
  resolved "https://registry.npmjs.org/tr46/-/tr46-4.1.1.tgz"
  integrity sha512-2lv/66T7e5yNyhAAC4NaKe5nVavzuGJQVVtRYLyQ2OI8tsJ61PMLlelehb0wi2Hx6+hT/OJUWZcw8MjlSRnxvw==
  dependencies:
    punycode "^2.3.0"

ts-mixer@^6.0.3:
  version "6.0.3"
  resolved "https://registry.npmjs.org/ts-mixer/-/ts-mixer-6.0.3.tgz"
  integrity sha512-k43M7uCG1AkTyxgnmI5MPwKoUvS/bRvLvUb7+Pgpdlmok8AoqmUaZxUUw8zKM5B1lqZrt41GjYgnvAi0fppqgQ==

tslib@^2.6.2, tslib@2.6.2:
  version "2.6.2"
  resolved "https://registry.npmjs.org/tslib/-/tslib-2.6.2.tgz"
  integrity sha512-AEYxH93jGFPn/a2iVAwW87VuUIkR1FVUKB77NwMF7nBTDkDrrT/Hpt/IrCJ0QXhW27jTBDcf5ZY7w6RiqTMw2Q==

typescript@^5.3.3:
  version "5.3.3"
  resolved "https://registry.npmjs.org/typescript/-/typescript-5.3.3.tgz"
  integrity sha512-pXWcraxM0uxAS+tN0AG/BF2TyqmHO014Z070UsJ+pFvYuRSq8KH8DmWpnbXe0pEPDHXZV3FcAbJkijJ5oNEnWw==

undici-types@~5.26.4:
  version "5.26.5"
  resolved "https://registry.npmjs.org/undici-types/-/undici-types-5.26.5.tgz"
  integrity sha512-JlCMO+ehdEIKqlFxk6IfVoAUVmgz7cU7zD/h9XZ0qzeosSHmUJVOzSQvvYSYWXkFXC+IfLKSIffhv0sVZup6pA==

undici@5.27.2:
  version "5.27.2"
  resolved "https://registry.npmjs.org/undici/-/undici-5.27.2.tgz"
  integrity sha512-iS857PdOEy/y3wlM3yRp+6SNQQ6xU0mmZcwRSriqk+et/cwWAtwmIGf6WkoDN2EK/AMdCO/dfXzIwi+rFMrjjQ==
  dependencies:
    "@fastify/busboy" "^2.0.0"

universal-github-app-jwt@^1.1.2:
  version "1.1.2"
  resolved "https://registry.npmjs.org/universal-github-app-jwt/-/universal-github-app-jwt-1.1.2.tgz"
  integrity sha512-t1iB2FmLFE+yyJY9+3wMx0ejB+MQpEVkH0gQv7dR6FZyltyq+ZZO0uDpbopxhrZ3SLEO4dCEkIujOMldEQ2iOA==
  dependencies:
    "@types/jsonwebtoken" "^9.0.0"
    jsonwebtoken "^9.0.2"

universal-user-agent@^6.0.0:
  version "6.0.1"
  resolved "https://registry.npmjs.org/universal-user-agent/-/universal-user-agent-6.0.1.tgz"
  integrity sha512-yCzhz6FN2wU1NiiQRogkTQszlQSlpWaw8SvVegAc+bDxbzHgh1vX8uIe8OYyMH6DwH+sdTJsgMl36+mSMdRJIQ==

webidl-conversions@^7.0.0:
  version "7.0.0"
  resolved "https://registry.npmjs.org/webidl-conversions/-/webidl-conversions-7.0.0.tgz"
  integrity sha512-VwddBukDzu71offAQR975unBIGqfKZpM+8ZX6ySk8nYhVoo5CYaZyzt3YBvYtRtO+aoGlqxPg/B87NGVZ/fu6g==

whatwg-url@^13.0.0:
  version "13.0.0"
  resolved "https://registry.npmjs.org/whatwg-url/-/whatwg-url-13.0.0.tgz"
  integrity sha512-9WWbymnqj57+XEuqADHrCJ2eSXzn8WXIW/YSGaZtb2WKAInQ6CHfaUUcTyyver0p8BDg5StLQq8h1vtZuwmOig==
  dependencies:
    tr46 "^4.1.1"
    webidl-conversions "^7.0.0"

which@^2.0.1:
  version "2.0.2"
  resolved "https://registry.npmjs.org/which/-/which-2.0.2.tgz"
  integrity sha512-BLI3Tl1TW3Pvl70l3yq3Y64i+awpwXqsGBYWkkqMtnbXgrMD+yj7rhW0kuEDxzJaYXGjEW5ogapKNMEKNMjibA==
  dependencies:
    isexe "^2.0.0"

"wrap-ansi-cjs@npm:wrap-ansi@^7.0.0":
  version "7.0.0"
  resolved "https://registry.npmjs.org/wrap-ansi/-/wrap-ansi-7.0.0.tgz"
  integrity sha512-YVGIj2kamLSTxw6NsZjoBxfSwsn0ycdesmc4p+Q21c5zPuZ1pl+NfxVdxPtdHvmNVOQ6XSYG4AUtyt/Fi7D16Q==
  dependencies:
    ansi-styles "^4.0.0"
    string-width "^4.1.0"
    strip-ansi "^6.0.0"

wrap-ansi@^8.1.0:
  version "8.1.0"
  resolved "https://registry.npmjs.org/wrap-ansi/-/wrap-ansi-8.1.0.tgz"
  integrity sha512-si7QWI6zUMq56bESFvagtmzMdGOtoxfR+Sez11Mobfc7tm+VkUckk9bW2UeffTGVUbOksxmSw0AA2gs8g71NCQ==
  dependencies:
    ansi-styles "^6.1.0"
    string-width "^5.0.1"
    strip-ansi "^7.0.1"

wrappy@1:
  version "1.0.2"
  resolved "https://registry.npmjs.org/wrappy/-/wrappy-1.0.2.tgz"
  integrity sha512-l4Sp/DRseor9wL6EvV2+TuQn63dMkPjZ/sp9XkghTEbV9KlPS1xUsZ3u7/IQO4wxtcFB4bgpQPRcR3QCvezPcQ==

ws@^8.14.2, ws@8.14.2:
  version "8.14.2"
  resolved "https://registry.npmjs.org/ws/-/ws-8.14.2.tgz"
  integrity sha512-wEBG1ftX4jcglPxgFCMJmZ2PLtSbJ2Peg6TmpJFTbe9GZYOQCDPdMYu/Tm0/bGZkw8paZnJY45J4K2PZrLYq8g==

yallist@^4.0.0:
  version "4.0.0"
  resolved "https://registry.npmjs.org/yallist/-/yallist-4.0.0.tgz"
  integrity sha512-3wdGidZyq5PB084XLES5TpOSRA3wjXAlIWMhum2kRcv/41Sn2emQ0dycQW4uZXLejwKvg6EsvbdlVL+FYEct7A==

yarn@^1.22.21:
  version "1.22.21"
  resolved "https://registry.npmjs.org/yarn/-/yarn-1.22.21.tgz"
  integrity sha512-ynXaJsADJ9JiZ84zU25XkPGOvVMmZ5b7tmTSpKURYwgELdjucAOydqIOrOfTxVYcNXe91xvLZwcRh68SR3liCg==
